# Code generated by scarb DO NOT EDIT.
version = 1

[[package]]
name = "carmine_protocol"
version = "0.1.0"
dependencies = [
 "cubit",
 "openzeppelin",
 "snforge_std",
]

[[package]]
name = "cubit"
version = "1.2.0"
source = "git+https://github.com/influenceth/cubit.git?branch=main#b4590530d5aeae9aabd36740cc2a3d9e6adc5fde"

[[package]]
name = "openzeppelin"
version = "0.8.0-beta.0"
source = "git+https://github.com/OpenZeppelin/cairo-contracts.git?branch=main#4eafccf107f98d975b20cbb6544b2a998e5f403f"

[[package]]
name = "snforge_std"
version = "0.1.0"
source = "git+https://github.com/foundry-rs/starknet-foundry.git?branch=master#fb18cdd9ae335677ea12a2448dc86533d3df2052"
