# Code generated by scarb DO NOT EDIT.
version = 1

[[package]]
name = "carmine_protocol"
version = "0.1.0"
dependencies = [
 "cubit",
 "snforge_std",
]

[[package]]
name = "cubit"
version = "1.2.0"
source = "git+https://github.com/influenceth/cubit.git#b4590530d5aeae9aabd36740cc2a3d9e6adc5fde"

[[package]]
name = "snforge_std"
version = "0.1.0"
source = "git+https://github.com/foundry-rs/starknet-foundry.git?tag=v0.10.1#2f1597fb724b7df3050468bd0e6a8a3a0e225001"
